<Solution Description="Visual Studio slnx file generated by Premake" Version="1.4">
  <Configurations>
    <Platform Name="ARM64" />
    <Platform Name="Win32" />
    <Platform Name="x64" />
  </Configurations>
  <Folder Name="/Elementos de la solución/" />
  <Project Path="GameEngineRaylib.vcxproj" Id="389B9319-2494-B26B-4DC6-97F0391E9277" DefaultStartup="true">
    <BuildDependency Project="raylib.vcxproj" />
  </Project>
  <Project Path="raylib.vcxproj" Id="8898EA18-743A-15EF-5DF5-284349369C3F">
  </Project>
</Solution>